
Microsoft Visual Studio Solution File, Format Version 12.00
# Visual Studio Version 16
VisualStudioVersion = 16.0.32510.428
MinimumVisualStudioVersion = 10.0.40219.1
Project("{FAE04EC0-301F-11D3-BF4B-00C04F79EFBC}") = "TerraApi", "TerraApi.csproj", "{016B253C-04D0-45D9-96A9-7C4AB615B556}"
EndProject
Global
	GlobalSection(SolutionConfigurationPlatforms) = preSolution
		Debug|Any CPU = Debug|Any CPU
		Release|Any CPU = Release|Any CPU
	EndGlobalSection
	GlobalSection(ProjectConfigurationPlatforms) = postSolution
		{016B253C-04D0-45D9-96A9-7C4AB615B556}.Debug|Any CPU.ActiveCfg = Debug|Any CPU
		{016B253C-04D0-45D9-96A9-7C4AB615B556}.Debug|Any CPU.Build.0 = Debug|Any CPU
		{016B253C-04D0-45D9-96A9-7C4AB615B556}.Release|Any CPU.ActiveCfg = Release|Any CPU
		{016B253C-04D0-45D9-96A9-7C4AB615B556}.Release|Any CPU.Build.0 = Release|Any CPU
	EndGlobalSection
	GlobalSection(SolutionProperties) = preSolution
		HideSolutionNode = FALSE
	EndGlobalSection
	GlobalSection(ExtensibilityGlobals) = postSolution
		SolutionGuid = {A38F976B-BBC0-4643-BB8C-BCECC29E3598}
	EndGlobalSection
EndGlobal
